<?xml version="1.0" encoding="utf-8"?>
<Project ToolsVersion="4.0" xmlns="http://schemas.microsoft.com/developer/msbuild/2003">
  <ItemGroup>
    <Filter Include="Source Files">
      <UniqueIdentifier>{4FC737F1-C7A5-4376-A066-2A32D752A2FF}</UniqueIdentifier>
      <Extensions>cpp;c;cc;cxx;c++;cppm;ixx;def;odl;idl;hpj;bat;asm;asmx</Extensions>
    </Filter>
    <Filter Include="Header Files">
      <UniqueIdentifier>{93995380-89BD-4b04-88EB-625FBE52EBFB}</UniqueIdentifier>
      <Extensions>h;hh;hpp;hxx;h++;hm;inl;inc;ipp;xsd</Extensions>
    </Filter>
    <Filter Include="Resource Files">
      <UniqueIdentifier>{67DA6AB6-F800-4c08-8B7A-83BB121AAD01}</UniqueIdentifier>
      <Extensions>rc;ico;cur;bmp;dlg;rc2;rct;bin;rgs;gif;jpg;jpeg;jpe;resx;tiff;tif;png;wav;mfcribbon-ms</Extensions>
    </Filter>
    <Filter Include="Source Files\Login">
      <UniqueIdentifier>{8613e16b-8000-46e3-8db4-71fbe4990665}</UniqueIdentifier>
    </Filter>
    <Filter Include="Source Files\Menu">
      <UniqueIdentifier>{388e0005-de7d-4afb-b5d3-0002b6ce3a0d}</UniqueIdentifier>
    </Filter>
    <Filter Include="Source Files\PeminjamanPengembalian">
      <UniqueIdentifier>{b7802327-999d-4e82-a400-ddfae1b2d868}</UniqueIdentifier>
    </Filter>
    <Filter Include="Source Files\MemberTeam">
      <UniqueIdentifier>{aa2f1aa4-f7ac-42eb-9e64-91701a969ba8}</UniqueIdentifier>
    </Filter>
    <Filter Include="Source Files\DaftarBuku">
      <UniqueIdentifier>{7e95281b-0939-4260-867b-f4ab35f76e16}</UniqueIdentifier>
    </Filter>
    <Filter Include="Source Files\DaftarAnggota">
      <UniqueIdentifier>{d3a6761c-e93b-40b0-9f43-c71da03d77fe}</UniqueIdentifier>
    </Filter>
  </ItemGroup>
  <ItemGroup>
    <ClCompile Include="Main.cpp">
      <Filter>Source Files</Filter>
    </ClCompile>
    <ClCompile Include="Login.cpp">
      <Filter>Source Files\Login</Filter>
    </ClCompile>
    <ClCompile Include="Menu.cpp">
      <Filter>Source Files\Menu</Filter>
    </ClCompile>
    <ClCompile Include="DaftarBuku.cpp">
      <Filter>Source Files\DaftarBuku</Filter>
    </ClCompile>
    <ClCompile Include="DaftarAnggota.cpp">
      <Filter>Source Files\DaftarAnggota</Filter>
    </ClCompile>
    <ClCompile Include="MemberTeam.cpp">
      <Filter>Source Files\MemberTeam</Filter>
    </ClCompile>
  </ItemGroup>
  <ItemGroup>
    <ClInclude Include="Login.h">
      <Filter>Source Files\Login</Filter>
    </ClInclude>
    <ClInclude Include="Menu.h">
      <Filter>Source Files\Menu</Filter>
    </ClInclude>
    <ClInclude Include="MemberTeam.h">
      <Filter>Source Files\MemberTeam</Filter>
    </ClInclude>
    <ClInclude Include="DaftarBuku.h">
      <Filter>Source Files\DaftarBuku</Filter>
    </ClInclude>
    <ClInclude Include="Globals.h">
      <Filter>Source Files</Filter>
    </ClInclude>
    <ClInclude Include="DaftarAnggota.h">
      <Filter>Source Files\DaftarAnggota</Filter>
    </ClInclude>
  </ItemGroup>
</Project>